
Microsoft Visual Studio Solution File, Format Version 10.00
# Visual Studio 2008
Project("{8BC9CEB8-8B4A-11D0-8D11-00A0C91BC942}") = "AlphaBlendLightTest", "AlphaBlendLightTest\AlphaBlendLightTest.vcproj", "{94CF8E46-69D3-4EC5-AFCE-9CF840251BEB}"
EndProject
Global
	GlobalSection(SolutionConfigurationPlatforms) = preSolution
		Debug|Win32 = Debug|Win32
		Release|Win32 = Release|Win32
	EndGlobalSection
	GlobalSection(ProjectConfigurationPlatforms) = postSolution
		{94CF8E46-69D3-4EC5-AFCE-9CF840251BEB}.Debug|Win32.ActiveCfg = Debug|Win32
		{94CF8E46-69D3-4EC5-AFCE-9CF840251BEB}.Debug|Win32.Build.0 = Debug|Win32
		{94CF8E46-69D3-4EC5-AFCE-9CF840251BEB}.Release|Win32.ActiveCfg = Release|Win32
		{94CF8E46-69D3-4EC5-AFCE-9CF840251BEB}.Release|Win32.Build.0 = Release|Win32
	EndGlobalSection
	GlobalSection(SolutionProperties) = preSolution
		HideSolutionNode = FALSE
	EndGlobalSection
EndGlobal
